
Microsoft Visual Studio Solution File, Format Version 12.00
# Visual Studio 2012
Project("{8BC9CEB8-8B4A-11D0-8D11-00A0C91BC942}") = "bkb32f", "bkb32f.vcxproj", "{FB065E2C-CB5C-4A63-889A-0CE5043C50CC}"
EndProject
Global
	GlobalSection(SolutionConfigurationPlatforms) = preSolution
		Debug|Win32 = Debug|Win32
		Release|Win32 = Release|Win32
		ReleaseDLL|Win32 = ReleaseDLL|Win32
	EndGlobalSection
	GlobalSection(ProjectConfigurationPlatforms) = postSolution
		{FB065E2C-CB5C-4A63-889A-0CE5043C50CC}.Debug|Win32.ActiveCfg = Debug|Win32
		{FB065E2C-CB5C-4A63-889A-0CE5043C50CC}.Debug|Win32.Build.0 = Debug|Win32
		{FB065E2C-CB5C-4A63-889A-0CE5043C50CC}.Release|Win32.ActiveCfg = Release|Win32
		{FB065E2C-CB5C-4A63-889A-0CE5043C50CC}.Release|Win32.Build.0 = Release|Win32
		{FB065E2C-CB5C-4A63-889A-0CE5043C50CC}.ReleaseDLL|Win32.ActiveCfg = ReleaseDLL|Win32
		{FB065E2C-CB5C-4A63-889A-0CE5043C50CC}.ReleaseDLL|Win32.Build.0 = ReleaseDLL|Win32
	EndGlobalSection
	GlobalSection(SolutionProperties) = preSolution
		HideSolutionNode = FALSE
	EndGlobalSection
EndGlobal
